
Microsoft Visual Studio Solution File, Format Version 12.00
# Visual Studio Version 16
VisualStudioVersion = 16.0.31129.286
MinimumVisualStudioVersion = 10.0.40219.1
Project("{8BC9CEB8-8B4A-11D0-8D11-00A0C91BC942}") = "test1", "test1\test1.vcxproj", "{8B2A4AAD-9A3B-46D8-B5CB-5306205AD7F6}"
	ProjectSection(ProjectDependencies) = postProject
		{01306FA0-A0A9-4A56-8A02-3DDE86DFBB58} = {01306FA0-A0A9-4A56-8A02-3DDE86DFBB58}
	EndProjectSection
EndProject
Project("{8BC9CEB8-8B4A-11D0-8D11-00A0C91BC942}") = "glpp", "glpp\glpp.vcxproj", "{01306FA0-A0A9-4A56-8A02-3DDE86DFBB58}"
EndProject
Global
	GlobalSection(SolutionConfigurationPlatforms) = preSolution
		Debug|x64 = Debug|x64
		Debug|x86 = Debug|x86
		Release|x64 = Release|x64
		Release|x86 = Release|x86
	EndGlobalSection
	GlobalSection(ProjectConfigurationPlatforms) = postSolution
		{8B2A4AAD-9A3B-46D8-B5CB-5306205AD7F6}.Debug|x64.ActiveCfg = Debug|x64
		{8B2A4AAD-9A3B-46D8-B5CB-5306205AD7F6}.Debug|x64.Build.0 = Debug|x64
		{8B2A4AAD-9A3B-46D8-B5CB-5306205AD7F6}.Debug|x86.ActiveCfg = Debug|Win32
		{8B2A4AAD-9A3B-46D8-B5CB-5306205AD7F6}.Debug|x86.Build.0 = Debug|Win32
		{8B2A4AAD-9A3B-46D8-B5CB-5306205AD7F6}.Release|x64.ActiveCfg = Release|x64
		{8B2A4AAD-9A3B-46D8-B5CB-5306205AD7F6}.Release|x64.Build.0 = Release|x64
		{8B2A4AAD-9A3B-46D8-B5CB-5306205AD7F6}.Release|x86.ActiveCfg = Release|Win32
		{8B2A4AAD-9A3B-46D8-B5CB-5306205AD7F6}.Release|x86.Build.0 = Release|Win32
		{01306FA0-A0A9-4A56-8A02-3DDE86DFBB58}.Debug|x64.ActiveCfg = Debug|x64
		{01306FA0-A0A9-4A56-8A02-3DDE86DFBB58}.Debug|x64.Build.0 = Debug|x64
		{01306FA0-A0A9-4A56-8A02-3DDE86DFBB58}.Debug|x86.ActiveCfg = Debug|Win32
		{01306FA0-A0A9-4A56-8A02-3DDE86DFBB58}.Debug|x86.Build.0 = Debug|Win32
		{01306FA0-A0A9-4A56-8A02-3DDE86DFBB58}.Release|x64.ActiveCfg = Release|x64
		{01306FA0-A0A9-4A56-8A02-3DDE86DFBB58}.Release|x64.Build.0 = Release|x64
		{01306FA0-A0A9-4A56-8A02-3DDE86DFBB58}.Release|x86.ActiveCfg = Release|Win32
		{01306FA0-A0A9-4A56-8A02-3DDE86DFBB58}.Release|x86.Build.0 = Release|Win32
	EndGlobalSection
	GlobalSection(SolutionProperties) = preSolution
		HideSolutionNode = FALSE
	EndGlobalSection
	GlobalSection(ExtensibilityGlobals) = postSolution
		SolutionGuid = {C9B86A48-86B9-48AC-8D07-92A7027B6C64}
	EndGlobalSection
EndGlobal
